
Microsoft Visual Studio Solution File, Format Version 12.00
# Visual Studio 15
VisualStudioVersion = 15.0.26124.0
MinimumVisualStudioVersion = 15.0.26124.0
Project("{FAE04EC0-301F-11D3-BF4B-00C04F79EFBC}") = "CarterDemos", "src\CarterDemos\CarterDemos.csproj", "{567B1051-C406-4583-A7F4-9D380FEDAD3F}"
EndProject
Project("{FAE04EC0-301F-11D3-BF4B-00C04F79EFBC}") = "OpenApiDemo", "src\OpenApiDemo\OpenApiDemo.csproj", "{750234F1-D520-4C38-BEA9-1EF6D4AA5D3D}"
EndProject
Project("{FAE04EC0-301F-11D3-BF4B-00C04F79EFBC}") = "CarerDemos.Tests", "tests\CarterDemos.Tests\CarterDemos.Tests.csproj", "{FBDE5377-0CA8-4BB3-A0DC-D6508EC0CD24}"
EndProject
Global
	GlobalSection(SolutionConfigurationPlatforms) = preSolution
		Debug|Any CPU = Debug|Any CPU
		Debug|x64 = Debug|x64
		Debug|x86 = Debug|x86
		Release|Any CPU = Release|Any CPU
		Release|x64 = Release|x64
		Release|x86 = Release|x86
	EndGlobalSection
	GlobalSection(SolutionProperties) = preSolution
		HideSolutionNode = FALSE
	EndGlobalSection
	GlobalSection(ProjectConfigurationPlatforms) = postSolution
		{567B1051-C406-4583-A7F4-9D380FEDAD3F}.Debug|Any CPU.ActiveCfg = Debug|Any CPU
		{567B1051-C406-4583-A7F4-9D380FEDAD3F}.Debug|Any CPU.Build.0 = Debug|Any CPU
		{567B1051-C406-4583-A7F4-9D380FEDAD3F}.Debug|x64.ActiveCfg = Debug|Any CPU
		{567B1051-C406-4583-A7F4-9D380FEDAD3F}.Debug|x64.Build.0 = Debug|Any CPU
		{567B1051-C406-4583-A7F4-9D380FEDAD3F}.Debug|x86.ActiveCfg = Debug|Any CPU
		{567B1051-C406-4583-A7F4-9D380FEDAD3F}.Debug|x86.Build.0 = Debug|Any CPU
		{567B1051-C406-4583-A7F4-9D380FEDAD3F}.Release|Any CPU.ActiveCfg = Release|Any CPU
		{567B1051-C406-4583-A7F4-9D380FEDAD3F}.Release|Any CPU.Build.0 = Release|Any CPU
		{567B1051-C406-4583-A7F4-9D380FEDAD3F}.Release|x64.ActiveCfg = Release|Any CPU
		{567B1051-C406-4583-A7F4-9D380FEDAD3F}.Release|x64.Build.0 = Release|Any CPU
		{567B1051-C406-4583-A7F4-9D380FEDAD3F}.Release|x86.ActiveCfg = Release|Any CPU
		{567B1051-C406-4583-A7F4-9D380FEDAD3F}.Release|x86.Build.0 = Release|Any CPU
		{750234F1-D520-4C38-BEA9-1EF6D4AA5D3D}.Debug|Any CPU.ActiveCfg = Debug|Any CPU
		{750234F1-D520-4C38-BEA9-1EF6D4AA5D3D}.Debug|Any CPU.Build.0 = Debug|Any CPU
		{750234F1-D520-4C38-BEA9-1EF6D4AA5D3D}.Debug|x64.ActiveCfg = Debug|Any CPU
		{750234F1-D520-4C38-BEA9-1EF6D4AA5D3D}.Debug|x64.Build.0 = Debug|Any CPU
		{750234F1-D520-4C38-BEA9-1EF6D4AA5D3D}.Debug|x86.ActiveCfg = Debug|Any CPU
		{750234F1-D520-4C38-BEA9-1EF6D4AA5D3D}.Debug|x86.Build.0 = Debug|Any CPU
		{750234F1-D520-4C38-BEA9-1EF6D4AA5D3D}.Release|Any CPU.ActiveCfg = Release|Any CPU
		{750234F1-D520-4C38-BEA9-1EF6D4AA5D3D}.Release|Any CPU.Build.0 = Release|Any CPU
		{750234F1-D520-4C38-BEA9-1EF6D4AA5D3D}.Release|x64.ActiveCfg = Release|Any CPU
		{750234F1-D520-4C38-BEA9-1EF6D4AA5D3D}.Release|x64.Build.0 = Release|Any CPU
		{750234F1-D520-4C38-BEA9-1EF6D4AA5D3D}.Release|x86.ActiveCfg = Release|Any CPU
		{750234F1-D520-4C38-BEA9-1EF6D4AA5D3D}.Release|x86.Build.0 = Release|Any CPU
		{FBDE5377-0CA8-4BB3-A0DC-D6508EC0CD24}.Debug|Any CPU.ActiveCfg = Debug|Any CPU
		{FBDE5377-0CA8-4BB3-A0DC-D6508EC0CD24}.Debug|Any CPU.Build.0 = Debug|Any CPU
		{FBDE5377-0CA8-4BB3-A0DC-D6508EC0CD24}.Debug|x64.ActiveCfg = Debug|Any CPU
		{FBDE5377-0CA8-4BB3-A0DC-D6508EC0CD24}.Debug|x64.Build.0 = Debug|Any CPU
		{FBDE5377-0CA8-4BB3-A0DC-D6508EC0CD24}.Debug|x86.ActiveCfg = Debug|Any CPU
		{FBDE5377-0CA8-4BB3-A0DC-D6508EC0CD24}.Debug|x86.Build.0 = Debug|Any CPU
		{FBDE5377-0CA8-4BB3-A0DC-D6508EC0CD24}.Release|Any CPU.ActiveCfg = Release|Any CPU
		{FBDE5377-0CA8-4BB3-A0DC-D6508EC0CD24}.Release|Any CPU.Build.0 = Release|Any CPU
		{FBDE5377-0CA8-4BB3-A0DC-D6508EC0CD24}.Release|x64.ActiveCfg = Release|Any CPU
		{FBDE5377-0CA8-4BB3-A0DC-D6508EC0CD24}.Release|x64.Build.0 = Release|Any CPU
		{FBDE5377-0CA8-4BB3-A0DC-D6508EC0CD24}.Release|x86.ActiveCfg = Release|Any CPU
		{FBDE5377-0CA8-4BB3-A0DC-D6508EC0CD24}.Release|x86.Build.0 = Release|Any CPU
	EndGlobalSection
EndGlobal
